
Microsoft Visual Studio Solution File, Format Version 12.00
# Visual Studio 15
Project("{FAE04EC0-301F-11D3-BF4B-00C04F79EFBC}") = "ExpandableStackLayout.Android", "ExpandableStackLayout.Android\ExpandableStackLayout.Android.csproj", "{88099926-7B9F-4DC0-AD4B-4D6316B77A44}"
EndProject
Project("{FAE04EC0-301F-11D3-BF4B-00C04F79EFBC}") = "ExpandableStackLayout.iOS", "ExpandableStackLayout.iOS\ExpandableStackLayout.iOS.csproj", "{F149E5A3-748B-484B-916C-F79638BBD0D9}"
EndProject
Project("{FAE04EC0-301F-11D3-BF4B-00C04F79EFBC}") = "ExpandableStackLayout", "ExpandableStackLayout\ExpandableStackLayout.csproj", "{FDDAB5C1-8FF5-462A-9D64-C7355C1460FA}"
EndProject
Global
	GlobalSection(SolutionConfigurationPlatforms) = preSolution
		Debug|Any CPU = Debug|Any CPU
		Release|Any CPU = Release|Any CPU
		Debug|iPhoneSimulator = Debug|iPhoneSimulator
		Release|iPhoneSimulator = Release|iPhoneSimulator
		Debug|iPhone = Debug|iPhone
		Release|iPhone = Release|iPhone
		Ad-Hoc|iPhone = Ad-Hoc|iPhone
		AppStore|iPhone = AppStore|iPhone
	EndGlobalSection
	GlobalSection(ProjectConfigurationPlatforms) = postSolution
		{88099926-7B9F-4DC0-AD4B-4D6316B77A44}.Debug|Any CPU.ActiveCfg = Debug|Any CPU
		{88099926-7B9F-4DC0-AD4B-4D6316B77A44}.Release|Any CPU.ActiveCfg = Release|Any CPU
		{88099926-7B9F-4DC0-AD4B-4D6316B77A44}.Release|Any CPU.Build.0 = Release|Any CPU
		{88099926-7B9F-4DC0-AD4B-4D6316B77A44}.Debug|iPhoneSimulator.ActiveCfg = Debug|Any CPU
		{88099926-7B9F-4DC0-AD4B-4D6316B77A44}.Debug|iPhoneSimulator.Build.0 = Debug|Any CPU
		{88099926-7B9F-4DC0-AD4B-4D6316B77A44}.Release|iPhoneSimulator.ActiveCfg = Release|Any CPU
		{88099926-7B9F-4DC0-AD4B-4D6316B77A44}.Release|iPhoneSimulator.Build.0 = Release|Any CPU
		{88099926-7B9F-4DC0-AD4B-4D6316B77A44}.Debug|iPhone.ActiveCfg = Debug|Any CPU
		{88099926-7B9F-4DC0-AD4B-4D6316B77A44}.Debug|iPhone.Build.0 = Debug|Any CPU
		{88099926-7B9F-4DC0-AD4B-4D6316B77A44}.Release|iPhone.ActiveCfg = Release|Any CPU
		{88099926-7B9F-4DC0-AD4B-4D6316B77A44}.Release|iPhone.Build.0 = Release|Any CPU
		{88099926-7B9F-4DC0-AD4B-4D6316B77A44}.Ad-Hoc|iPhone.ActiveCfg = Debug|Any CPU
		{88099926-7B9F-4DC0-AD4B-4D6316B77A44}.Ad-Hoc|iPhone.Build.0 = Debug|Any CPU
		{88099926-7B9F-4DC0-AD4B-4D6316B77A44}.AppStore|iPhone.ActiveCfg = Debug|Any CPU
		{88099926-7B9F-4DC0-AD4B-4D6316B77A44}.AppStore|iPhone.Build.0 = Debug|Any CPU
		{F149E5A3-748B-484B-916C-F79638BBD0D9}.Debug|Any CPU.ActiveCfg = Debug|iPhoneSimulator
		{F149E5A3-748B-484B-916C-F79638BBD0D9}.Debug|Any CPU.Build.0 = Debug|iPhoneSimulator
		{F149E5A3-748B-484B-916C-F79638BBD0D9}.Release|Any CPU.ActiveCfg = Release|iPhoneSimulator
		{F149E5A3-748B-484B-916C-F79638BBD0D9}.Release|Any CPU.Build.0 = Release|iPhoneSimulator
		{F149E5A3-748B-484B-916C-F79638BBD0D9}.Debug|iPhoneSimulator.ActiveCfg = Debug|iPhoneSimulator
		{F149E5A3-748B-484B-916C-F79638BBD0D9}.Debug|iPhoneSimulator.Build.0 = Debug|iPhoneSimulator
		{F149E5A3-748B-484B-916C-F79638BBD0D9}.Release|iPhoneSimulator.ActiveCfg = Release|iPhoneSimulator
		{F149E5A3-748B-484B-916C-F79638BBD0D9}.Release|iPhoneSimulator.Build.0 = Release|iPhoneSimulator
		{F149E5A3-748B-484B-916C-F79638BBD0D9}.Debug|iPhone.ActiveCfg = Debug|iPhone
		{F149E5A3-748B-484B-916C-F79638BBD0D9}.Debug|iPhone.Build.0 = Debug|iPhone
		{F149E5A3-748B-484B-916C-F79638BBD0D9}.Release|iPhone.ActiveCfg = Release|iPhone
		{F149E5A3-748B-484B-916C-F79638BBD0D9}.Release|iPhone.Build.0 = Release|iPhone
		{F149E5A3-748B-484B-916C-F79638BBD0D9}.Ad-Hoc|iPhone.ActiveCfg = Ad-Hoc|iPhone
		{F149E5A3-748B-484B-916C-F79638BBD0D9}.Ad-Hoc|iPhone.Build.0 = Ad-Hoc|iPhone
		{F149E5A3-748B-484B-916C-F79638BBD0D9}.AppStore|iPhone.ActiveCfg = AppStore|iPhone
		{F149E5A3-748B-484B-916C-F79638BBD0D9}.AppStore|iPhone.Build.0 = AppStore|iPhone
		{FDDAB5C1-8FF5-462A-9D64-C7355C1460FA}.Debug|Any CPU.ActiveCfg = Debug|Any CPU
		{FDDAB5C1-8FF5-462A-9D64-C7355C1460FA}.Debug|Any CPU.Build.0 = Debug|Any CPU
		{FDDAB5C1-8FF5-462A-9D64-C7355C1460FA}.Release|Any CPU.ActiveCfg = Release|Any CPU
		{FDDAB5C1-8FF5-462A-9D64-C7355C1460FA}.Release|Any CPU.Build.0 = Release|Any CPU
		{FDDAB5C1-8FF5-462A-9D64-C7355C1460FA}.Debug|iPhoneSimulator.ActiveCfg = Debug|Any CPU
		{FDDAB5C1-8FF5-462A-9D64-C7355C1460FA}.Debug|iPhoneSimulator.Build.0 = Debug|Any CPU
		{FDDAB5C1-8FF5-462A-9D64-C7355C1460FA}.Release|iPhoneSimulator.ActiveCfg = Release|Any CPU
		{FDDAB5C1-8FF5-462A-9D64-C7355C1460FA}.Release|iPhoneSimulator.Build.0 = Release|Any CPU
		{FDDAB5C1-8FF5-462A-9D64-C7355C1460FA}.Debug|iPhone.ActiveCfg = Debug|Any CPU
		{FDDAB5C1-8FF5-462A-9D64-C7355C1460FA}.Debug|iPhone.Build.0 = Debug|Any CPU
		{FDDAB5C1-8FF5-462A-9D64-C7355C1460FA}.Release|iPhone.ActiveCfg = Release|Any CPU
		{FDDAB5C1-8FF5-462A-9D64-C7355C1460FA}.Release|iPhone.Build.0 = Release|Any CPU
		{FDDAB5C1-8FF5-462A-9D64-C7355C1460FA}.Ad-Hoc|iPhone.ActiveCfg = Debug|Any CPU
		{FDDAB5C1-8FF5-462A-9D64-C7355C1460FA}.Ad-Hoc|iPhone.Build.0 = Debug|Any CPU
		{FDDAB5C1-8FF5-462A-9D64-C7355C1460FA}.AppStore|iPhone.ActiveCfg = Debug|Any CPU
		{FDDAB5C1-8FF5-462A-9D64-C7355C1460FA}.AppStore|iPhone.Build.0 = Debug|Any CPU
	EndGlobalSection
EndGlobal
